// !$*UTF8*$!
{
	archiveVersion = 1;
	classes = {
	};
	objectVersion = 55;
	objects = {

/* Begin PBXBuildFile section */
		092BC2BA279CAEB800E240BA /* AppDelegate.swift in Sources */ = {isa = PBXBuildFile; fileRef = 092BC2B9279CAEB800E240BA /* AppDelegate.swift */; };
		092BC2BC279CAEB800E240BA /* SceneDelegate.swift in Sources */ = {isa = PBXBuildFile; fileRef = 092BC2BB279CAEB800E240BA /* SceneDelegate.swift */; };
		092BC2BE279CAEB800E240BA /* ViewController.swift in Sources */ = {isa = PBXBuildFile; fileRef = 092BC2BD279CAEB800E240BA /* ViewController.swift */; };
		092BC2C1279CAEB800E240BA /* Main.storyboard in Resources */ = {isa = PBXBuildFile; fileRef = 092BC2BF279CAEB800E240BA /* Main.storyboard */; };
		092BC2C3279CAEB900E240BA /* Assets.xcassets in Resources */ = {isa = PBXBuildFile; fileRef = 092BC2C2279CAEB900E240BA /* Assets.xcassets */; };
		092BC2C6279CAEB900E240BA /* LaunchScreen.storyboard in Resources */ = {isa = PBXBuildFile; fileRef = 092BC2C4279CAEB900E240BA /* LaunchScreen.storyboard */; };
		092BC2CC279CB07C00E240BA /* ImageUploader-iOS.swift in Sources */ = {isa = PBXBuildFile; fileRef = 092BC2CB279CB07C00E240BA /* ImageUploader-iOS.swift */; };
		092BC2D4279CB2B000E240BA /* ImageUploader-iOS.podspec in Resources */ = {isa = PBXBuildFile; fileRef = 092BC2D3279CB2B000E240BA /* ImageUploader-iOS.podspec */; };
		092BC2D9279D547000E240BA /* AWSS3Manager.swift in Sources */ = {isa = PBXBuildFile; fileRef = 092BC2D8279D547000E240BA /* AWSS3Manager.swift */; };
		09A53538279E24D400853A65 /* LoaderUtil.swift in Sources */ = {isa = PBXBuildFile; fileRef = 09A53537279E24D400853A65 /* LoaderUtil.swift */; };
		09A5353A279E267D00853A65 /* HelperUtil.swift in Sources */ = {isa = PBXBuildFile; fileRef = 09A53539279E267D00853A65 /* HelperUtil.swift */; };
		09BD7A55279DE0D20004C676 /* ImagePickerService.swift in Sources */ = {isa = PBXBuildFile; fileRef = 09BD7A54279DE0D20004C676 /* ImagePickerService.swift */; };
		09D11C99279FB60900EDC9F9 /* ControllerView.swift in Sources */ = {isa = PBXBuildFile; fileRef = 09D11C98279FB60900EDC9F9 /* ControllerView.swift */; };
		2F1EBCC7B6C9A74EFA42A186 /* Pods_ImageUploader_iOS.framework in Frameworks */ = {isa = PBXBuildFile; fileRef = 4D6E463783A269B2E139A09A /* Pods_ImageUploader_iOS.framework */; };
		E925A45707FA85CB5272CABF /* Pods_ImageUploaderExample.framework in Frameworks */ = {isa = PBXBuildFile; fileRef = E2B68BE804661887CBDACCD3 /* Pods_ImageUploaderExample.framework */; };
/* End PBXBuildFile section */

/* Begin PBXFileReference section */
		0551115FA25870E07FFA5F24 /* Pods-ImageUploaderExample.release.xcconfig */ = {isa = PBXFileReference; includeInIndex = 1; lastKnownFileType = text.xcconfig; name = "Pods-ImageUploaderExample.release.xcconfig"; path = "Target Support Files/Pods-ImageUploaderExample/Pods-ImageUploaderExample.release.xcconfig"; sourceTree = "<group>"; };
		092BC2A9279CAE0200E240BA /* ImageUploader_iOS.framework */ = {isa = PBXFileReference; explicitFileType = wrapper.framework; includeInIndex = 0; path = ImageUploader_iOS.framework; sourceTree = BUILT_PRODUCTS_DIR; };
		092BC2B7279CAEB800E240BA /* ImageUploaderExample.app */ = {isa = PBXFileReference; explicitFileType = wrapper.application; includeInIndex = 0; path = ImageUploaderExample.app; sourceTree = BUILT_PRODUCTS_DIR; };
		092BC2B9279CAEB800E240BA /* AppDelegate.swift */ = {isa = PBXFileReference; lastKnownFileType = sourcecode.swift; path = AppDelegate.swift; sourceTree = "<group>"; };
		092BC2BB279CAEB800E240BA /* SceneDelegate.swift */ = {isa = PBXFileReference; lastKnownFileType = sourcecode.swift; path = SceneDelegate.swift; sourceTree = "<group>"; };
		092BC2BD279CAEB800E240BA /* ViewController.swift */ = {isa = PBXFileReference; lastKnownFileType = sourcecode.swift; path = ViewController.swift; sourceTree = "<group>"; };
		092BC2C0279CAEB800E240BA /* Base */ = {isa = PBXFileReference; lastKnownFileType = file.storyboard; name = Base; path = Base.lproj/Main.storyboard; sourceTree = "<group>"; };
		092BC2C2279CAEB900E240BA /* Assets.xcassets */ = {isa = PBXFileReference; lastKnownFileType = folder.assetcatalog; path = Assets.xcassets; sourceTree = "<group>"; };
		092BC2C5279CAEB900E240BA /* Base */ = {isa = PBXFileReference; lastKnownFileType = file.storyboard; name = Base; path = Base.lproj/LaunchScreen.storyboard; sourceTree = "<group>"; };
		092BC2C7279CAEB900E240BA /* Info.plist */ = {isa = PBXFileReference; lastKnownFileType = text.plist.xml; path = Info.plist; sourceTree = "<group>"; };
		092BC2CB279CB07C00E240BA /* ImageUploader-iOS.swift */ = {isa = PBXFileReference; lastKnownFileType = sourcecode.swift; path = "ImageUploader-iOS.swift"; sourceTree = "<group>"; };
		092BC2D3279CB2B000E240BA /* ImageUploader-iOS.podspec */ = {isa = PBXFileReference; fileEncoding = 4; lastKnownFileType = text; path = "ImageUploader-iOS.podspec"; sourceTree = "<group>"; };
		092BC2D8279D547000E240BA /* AWSS3Manager.swift */ = {isa = PBXFileReference; lastKnownFileType = sourcecode.swift; path = AWSS3Manager.swift; sourceTree = "<group>"; };
		09A53537279E24D400853A65 /* LoaderUtil.swift */ = {isa = PBXFileReference; lastKnownFileType = sourcecode.swift; path = LoaderUtil.swift; sourceTree = "<group>"; };
		09A53539279E267D00853A65 /* HelperUtil.swift */ = {isa = PBXFileReference; lastKnownFileType = sourcecode.swift; path = HelperUtil.swift; sourceTree = "<group>"; };
		09BD7A54279DE0D20004C676 /* ImagePickerService.swift */ = {isa = PBXFileReference; lastKnownFileType = sourcecode.swift; path = ImagePickerService.swift; sourceTree = "<group>"; };
		09D11C98279FB60900EDC9F9 /* ControllerView.swift */ = {isa = PBXFileReference; lastKnownFileType = sourcecode.swift; path = ControllerView.swift; sourceTree = "<group>"; };
		4D6E463783A269B2E139A09A /* Pods_ImageUploader_iOS.framework */ = {isa = PBXFileReference; explicitFileType = wrapper.framework; includeInIndex = 0; path = Pods_ImageUploader_iOS.framework; sourceTree = BUILT_PRODUCTS_DIR; };
		7BFAB4E436435371C9AEA770 /* Pods-ImageUploader-iOS.release.xcconfig */ = {isa = PBXFileReference; includeInIndex = 1; lastKnownFileType = text.xcconfig; name = "Pods-ImageUploader-iOS.release.xcconfig"; path = "Target Support Files/Pods-ImageUploader-iOS/Pods-ImageUploader-iOS.release.xcconfig"; sourceTree = "<group>"; };
		83FA1D130D618F2A55B2E4F1 /* Pods-ImageUploader-iOS.debug.xcconfig */ = {isa = PBXFileReference; includeInIndex = 1; lastKnownFileType = text.xcconfig; name = "Pods-ImageUploader-iOS.debug.xcconfig"; path = "Target Support Files/Pods-ImageUploader-iOS/Pods-ImageUploader-iOS.debug.xcconfig"; sourceTree = "<group>"; };
		C91CFC091BE1932A4C2302A7 /* Pods-ImageUploaderExample.debug.xcconfig */ = {isa = PBXFileReference; includeInIndex = 1; lastKnownFileType = text.xcconfig; name = "Pods-ImageUploaderExample.debug.xcconfig"; path = "Target Support Files/Pods-ImageUploaderExample/Pods-ImageUploaderExample.debug.xcconfig"; sourceTree = "<group>"; };
		E2B68BE804661887CBDACCD3 /* Pods_ImageUploaderExample.framework */ = {isa = PBXFileReference; explicitFileType = wrapper.framework; includeInIndex = 0; path = Pods_ImageUploaderExample.framework; sourceTree = BUILT_PRODUCTS_DIR; };
/* End PBXFileReference section */

/* Begin PBXFrameworksBuildPhase section */
		092BC2A6279CAE0200E240BA /* Frameworks */ = {
			isa = PBXFrameworksBuildPhase;
			buildActionMask = 2147483647;
			files = (
				2F1EBCC7B6C9A74EFA42A186 /* Pods_ImageUploader_iOS.framework in Frameworks */,
			);
			runOnlyForDeploymentPostprocessing = 0;
		};
		092BC2B4279CAEB800E240BA /* Frameworks */ = {
			isa = PBXFrameworksBuildPhase;
			buildActionMask = 2147483647;
			files = (
				E925A45707FA85CB5272CABF /* Pods_ImageUploaderExample.framework in Frameworks */,
			);
			runOnlyForDeploymentPostprocessing = 0;
		};
/* End PBXFrameworksBuildPhase section */

/* Begin PBXGroup section */
		092BC29F279CAE0200E240BA = {
			isa = PBXGroup;
			children = (
				092BC2D3279CB2B000E240BA /* ImageUploader-iOS.podspec */,
				092BC2AB279CAE0200E240BA /* ImageUploader-iOS */,
				092BC2B8279CAEB800E240BA /* ImageUploaderExample */,
				092BC2AA279CAE0200E240BA /* Products */,
				092BC2CD279CB1B100E240BA /* Frameworks */,
				ED91929BDC62F250CFD2C186 /* Pods */,
			);
			sourceTree = "<group>";
		};
		092BC2AA279CAE0200E240BA /* Products */ = {
			isa = PBXGroup;
			children = (
				092BC2A9279CAE0200E240BA /* ImageUploader_iOS.framework */,
				092BC2B7279CAEB800E240BA /* ImageUploaderExample.app */,
			);
			name = Products;
			sourceTree = "<group>";
		};
		092BC2AB279CAE0200E240BA /* ImageUploader-iOS */ = {
			isa = PBXGroup;
			children = (
				09BD7A53279DDDF20004C676 /* ImagePickerService */,
				092BC2D5279D53C200E240BA /* AwsUtilityServices */,
				092BC2CB279CB07C00E240BA /* ImageUploader-iOS.swift */,
			);
			path = "ImageUploader-iOS";
			sourceTree = "<group>";
		};
		092BC2B8279CAEB800E240BA /* ImageUploaderExample */ = {
			isa = PBXGroup;
			children = (
				09D11C97279FB5E600EDC9F9 /* Views */,
				09A53536279E249A00853A65 /* Utils */,
				092BC2B9279CAEB800E240BA /* AppDelegate.swift */,
				092BC2BB279CAEB800E240BA /* SceneDelegate.swift */,
				092BC2BF279CAEB800E240BA /* Main.storyboard */,
				092BC2C2279CAEB900E240BA /* Assets.xcassets */,
				092BC2C4279CAEB900E240BA /* LaunchScreen.storyboard */,
				092BC2C7279CAEB900E240BA /* Info.plist */,
			);
			path = ImageUploaderExample;
			sourceTree = "<group>";
		};
		092BC2CD279CB1B100E240BA /* Frameworks */ = {
			isa = PBXGroup;
			children = (
				4D6E463783A269B2E139A09A /* Pods_ImageUploader_iOS.framework */,
				E2B68BE804661887CBDACCD3 /* Pods_ImageUploaderExample.framework */,
			);
			name = Frameworks;
			sourceTree = "<group>";
		};
		092BC2D5279D53C200E240BA /* AwsUtilityServices */ = {
			isa = PBXGroup;
			children = (
				092BC2D8279D547000E240BA /* AWSS3Manager.swift */,
			);
			path = AwsUtilityServices;
			sourceTree = "<group>";
		};
		09A53536279E249A00853A65 /* Utils */ = {
			isa = PBXGroup;
			children = (
				09A53537279E24D400853A65 /* LoaderUtil.swift */,
				09A53539279E267D00853A65 /* HelperUtil.swift */,
			);
			path = Utils;
			sourceTree = "<group>";
		};
		09BD7A53279DDDF20004C676 /* ImagePickerService */ = {
			isa = PBXGroup;
			children = (
				09BD7A54279DE0D20004C676 /* ImagePickerService.swift */,
			);
			path = ImagePickerService;
			sourceTree = "<group>";
		};
		09D11C97279FB5E600EDC9F9 /* Views */ = {
			isa = PBXGroup;
			children = (
				092BC2BD279CAEB800E240BA /* ViewController.swift */,
				09D11C98279FB60900EDC9F9 /* ControllerView.swift */,
			);
			path = Views;
			sourceTree = "<group>";
		};
		ED91929BDC62F250CFD2C186 /* Pods */ = {
			isa = PBXGroup;
			children = (
				83FA1D130D618F2A55B2E4F1 /* Pods-ImageUploader-iOS.debug.xcconfig */,
				7BFAB4E436435371C9AEA770 /* Pods-ImageUploader-iOS.release.xcconfig */,
				C91CFC091BE1932A4C2302A7 /* Pods-ImageUploaderExample.debug.xcconfig */,
				0551115FA25870E07FFA5F24 /* Pods-ImageUploaderExample.release.xcconfig */,
			);
			path = Pods;
			sourceTree = "<group>";
		};
/* End PBXGroup section */

/* Begin PBXHeadersBuildPhase section */
		092BC2A4279CAE0200E240BA /* Headers */ = {
			isa = PBXHeadersBuildPhase;
			buildActionMask = 2147483647;
			files = (
			);
			runOnlyForDeploymentPostprocessing = 0;
		};
/* End PBXHeadersBuildPhase section */

/* Begin PBXNativeTarget section */
		092BC2A8279CAE0200E240BA /* ImageUploader-iOS */ = {
			isa = PBXNativeTarget;
			buildConfigurationList = 092BC2B0279CAE0200E240BA /* Build configuration list for PBXNativeTarget "ImageUploader-iOS" */;
			buildPhases = (
				AD5519D3D9EBBE4BE1126719 /* [CP] Check Pods Manifest.lock */,
				092BC2A4279CAE0200E240BA /* Headers */,
				092BC2A5279CAE0200E240BA /* Sources */,
				092BC2A6279CAE0200E240BA /* Frameworks */,
				092BC2A7279CAE0200E240BA /* Resources */,
			);
			buildRules = (
			);
			dependencies = (
			);
			name = "ImageUploader-iOS";
			productName = "ImageUploader-iOS";
			productReference = 092BC2A9279CAE0200E240BA /* ImageUploader_iOS.framework */;
			productType = "com.apple.product-type.framework";
		};
		092BC2B6279CAEB800E240BA /* ImageUploaderExample */ = {
			isa = PBXNativeTarget;
			buildConfigurationList = 092BC2C8279CAEB900E240BA /* Build configuration list for PBXNativeTarget "ImageUploaderExample" */;
			buildPhases = (
				A66DCD3CB7FDDEBE4279DB2F /* [CP] Check Pods Manifest.lock */,
				092BC2B3279CAEB800E240BA /* Sources */,
				092BC2B4279CAEB800E240BA /* Frameworks */,
				092BC2B5279CAEB800E240BA /* Resources */,
				A06A59EAD7B8D7BA68CF2BBE /* [CP] Embed Pods Frameworks */,
			);
			buildRules = (
			);
			dependencies = (
			);
			name = ImageUploaderExample;
			productName = ImageUploaderExample;
			productReference = 092BC2B7279CAEB800E240BA /* ImageUploaderExample.app */;
			productType = "com.apple.product-type.application";
		};
/* End PBXNativeTarget section */

/* Begin PBXProject section */
		092BC2A0279CAE0200E240BA /* Project object */ = {
			isa = PBXProject;
			attributes = {
				BuildIndependentTargetsInParallel = 1;
				LastSwiftUpdateCheck = 1300;
				LastUpgradeCheck = 1300;
				TargetAttributes = {
					092BC2A8279CAE0200E240BA = {
						CreatedOnToolsVersion = 13.0;
						LastSwiftMigration = 1300;
					};
					092BC2B6279CAEB800E240BA = {
						CreatedOnToolsVersion = 13.0;
					};
				};
			};
			buildConfigurationList = 092BC2A3279CAE0200E240BA /* Build configuration list for PBXProject "ImageUploader-iOS" */;
			compatibilityVersion = "Xcode 13.0";
			developmentRegion = en;
			hasScannedForEncodings = 0;
			knownRegions = (
				en,
				Base,
			);
			mainGroup = 092BC29F279CAE0200E240BA;
			productRefGroup = 092BC2AA279CAE0200E240BA /* Products */;
			projectDirPath = "";
			projectRoot = "";
			targets = (
				092BC2A8279CAE0200E240BA /* ImageUploader-iOS */,
				092BC2B6279CAEB800E240BA /* ImageUploaderExample */,
			);
		};
/* End PBXProject section */

/* Begin PBXResourcesBuildPhase section */
		092BC2A7279CAE0200E240BA /* Resources */ = {
			isa = PBXResourcesBuildPhase;
			buildActionMask = 2147483647;
			files = (
				092BC2D4279CB2B000E240BA /* ImageUploader-iOS.podspec in Resources */,
			);
			runOnlyForDeploymentPostprocessing = 0;
		};
		092BC2B5279CAEB800E240BA /* Resources */ = {
			isa = PBXResourcesBuildPhase;
			buildActionMask = 2147483647;
			files = (
				092BC2C6279CAEB900E240BA /* LaunchScreen.storyboard in Resources */,
				092BC2C3279CAEB900E240BA /* Assets.xcassets in Resources */,
				092BC2C1279CAEB800E240BA /* Main.storyboard in Resources */,
			);
			runOnlyForDeploymentPostprocessing = 0;
		};
/* End PBXResourcesBuildPhase section */

/* Begin PBXShellScriptBuildPhase section */
		A06A59EAD7B8D7BA68CF2BBE /* [CP] Embed Pods Frameworks */ = {
			isa = PBXShellScriptBuildPhase;
			buildActionMask = 2147483647;
			files = (
			);
			inputFileListPaths = (
				"${PODS_ROOT}/Target Support Files/Pods-ImageUploaderExample/Pods-ImageUploaderExample-frameworks-${CONFIGURATION}-input-files.xcfilelist",
			);
			name = "[CP] Embed Pods Frameworks";
			outputFileListPaths = (
				"${PODS_ROOT}/Target Support Files/Pods-ImageUploaderExample/Pods-ImageUploaderExample-frameworks-${CONFIGURATION}-output-files.xcfilelist",
			);
			runOnlyForDeploymentPostprocessing = 0;
			shellPath = /bin/sh;
			shellScript = "\"${PODS_ROOT}/Target Support Files/Pods-ImageUploaderExample/Pods-ImageUploaderExample-frameworks.sh\"\n";
			showEnvVarsInLog = 0;
		};
		A66DCD3CB7FDDEBE4279DB2F /* [CP] Check Pods Manifest.lock */ = {
			isa = PBXShellScriptBuildPhase;
			buildActionMask = 2147483647;
			files = (
			);
			inputFileListPaths = (
			);
			inputPaths = (
				"${PODS_PODFILE_DIR_PATH}/Podfile.lock",
				"${PODS_ROOT}/Manifest.lock",
			);
			name = "[CP] Check Pods Manifest.lock";
			outputFileListPaths = (
			);
			outputPaths = (
				"$(DERIVED_FILE_DIR)/Pods-ImageUploaderExample-checkManifestLockResult.txt",
			);
			runOnlyForDeploymentPostprocessing = 0;
			shellPath = /bin/sh;
			shellScript = "diff \"${PODS_PODFILE_DIR_PATH}/Podfile.lock\" \"${PODS_ROOT}/Manifest.lock\" > /dev/null\nif [ $? != 0 ] ; then\n    # print error to STDERR\n    echo \"error: The sandbox is not in sync with the Podfile.lock. Run 'pod install' or update your CocoaPods installation.\" >&2\n    exit 1\nfi\n# This output is used by Xcode 'outputs' to avoid re-running this script phase.\necho \"SUCCESS\" > \"${SCRIPT_OUTPUT_FILE_0}\"\n";
			showEnvVarsInLog = 0;
		};
		AD5519D3D9EBBE4BE1126719 /* [CP] Check Pods Manifest.lock */ = {
			isa = PBXShellScriptBuildPhase;
			buildActionMask = 2147483647;
			files = (
			);
			inputFileListPaths = (
			);
			inputPaths = (
				"${PODS_PODFILE_DIR_PATH}/Podfile.lock",
				"${PODS_ROOT}/Manifest.lock",
			);
			name = "[CP] Check Pods Manifest.lock";
			outputFileListPaths = (
			);
			outputPaths = (
				"$(DERIVED_FILE_DIR)/Pods-ImageUploader-iOS-checkManifestLockResult.txt",
			);
			runOnlyForDeploymentPostprocessing = 0;
			shellPath = /bin/sh;
			shellScript = "diff \"${PODS_PODFILE_DIR_PATH}/Podfile.lock\" \"${PODS_ROOT}/Manifest.lock\" > /dev/null\nif [ $? != 0 ] ; then\n    # print error to STDERR\n    echo \"error: The sandbox is not in sync with the Podfile.lock. Run 'pod install' or update your CocoaPods installation.\" >&2\n    exit 1\nfi\n# This output is used by Xcode 'outputs' to avoid re-running this script phase.\necho \"SUCCESS\" > \"${SCRIPT_OUTPUT_FILE_0}\"\n";
			showEnvVarsInLog = 0;
		};
/* End PBXShellScriptBuildPhase section */

/* Begin PBXSourcesBuildPhase section */
		092BC2A5279CAE0200E240BA /* Sources */ = {
			isa = PBXSourcesBuildPhase;
			buildActionMask = 2147483647;
			files = (
				092BC2D9279D547000E240BA /* AWSS3Manager.swift in Sources */,
				09BD7A55279DE0D20004C676 /* ImagePickerService.swift in Sources */,
				092BC2CC279CB07C00E240BA /* ImageUploader-iOS.swift in Sources */,
			);
			runOnlyForDeploymentPostprocessing = 0;
		};
		092BC2B3279CAEB800E240BA /* Sources */ = {
			isa = PBXSourcesBuildPhase;
			buildActionMask = 2147483647;
			files = (
				09A53538279E24D400853A65 /* LoaderUtil.swift in Sources */,
				092BC2BE279CAEB800E240BA /* ViewController.swift in Sources */,
				09D11C99279FB60900EDC9F9 /* ControllerView.swift in Sources */,
				092BC2BA279CAEB800E240BA /* AppDelegate.swift in Sources */,
				092BC2BC279CAEB800E240BA /* SceneDelegate.swift in Sources */,
				09A5353A279E267D00853A65 /* HelperUtil.swift in Sources */,
			);
			runOnlyForDeploymentPostprocessing = 0;
		};
/* End PBXSourcesBuildPhase section */

/* Begin PBXVariantGroup section */
		092BC2BF279CAEB800E240BA /* Main.storyboard */ = {
			isa = PBXVariantGroup;
			children = (
				092BC2C0279CAEB800E240BA /* Base */,
			);
			name = Main.storyboard;
			sourceTree = "<group>";
		};
		092BC2C4279CAEB900E240BA /* LaunchScreen.storyboard */ = {
			isa = PBXVariantGroup;
			children = (
				092BC2C5279CAEB900E240BA /* Base */,
			);
			name = LaunchScreen.storyboard;
			sourceTree = "<group>";
		};
/* End PBXVariantGroup section */

/* Begin XCBuildConfiguration section */
		092BC2AE279CAE0200E240BA /* Debug */ = {
			isa = XCBuildConfiguration;
			buildSettings = {
				ALWAYS_SEARCH_USER_PATHS = NO;
				BUILD_LIBRARY_FOR_DISTRIBUTION = YES;
				CLANG_ANALYZER_NONNULL = YES;
				CLANG_ANALYZER_NUMBER_OBJECT_CONVERSION = YES_AGGRESSIVE;
				CLANG_CXX_LANGUAGE_STANDARD = "gnu++17";
				CLANG_CXX_LIBRARY = "libc++";
				CLANG_ENABLE_MODULES = YES;
				CLANG_ENABLE_OBJC_ARC = YES;
				CLANG_ENABLE_OBJC_WEAK = YES;
				CLANG_WARN_BLOCK_CAPTURE_AUTORELEASING = YES;
				CLANG_WARN_BOOL_CONVERSION = YES;
				CLANG_WARN_COMMA = YES;
				CLANG_WARN_CONSTANT_CONVERSION = YES;
				CLANG_WARN_DEPRECATED_OBJC_IMPLEMENTATIONS = YES;
				CLANG_WARN_DIRECT_OBJC_ISA_USAGE = YES_ERROR;
				CLANG_WARN_DOCUMENTATION_COMMENTS = YES;
				CLANG_WARN_EMPTY_BODY = YES;
				CLANG_WARN_ENUM_CONVERSION = YES;
				CLANG_WARN_INFINITE_RECURSION = YES;
				CLANG_WARN_INT_CONVERSION = YES;
				CLANG_WARN_NON_LITERAL_NULL_CONVERSION = YES;
				CLANG_WARN_OBJC_IMPLICIT_RETAIN_SELF = YES;
				CLANG_WARN_OBJC_LITERAL_CONVERSION = YES;
				CLANG_WARN_OBJC_ROOT_CLASS = YES_ERROR;
				CLANG_WARN_QUOTED_INCLUDE_IN_FRAMEWORK_HEADER = YES;
				CLANG_WARN_RANGE_LOOP_ANALYSIS = YES;
				CLANG_WARN_STRICT_PROTOTYPES = YES;
				CLANG_WARN_SUSPICIOUS_MOVE = YES;
				CLANG_WARN_UNGUARDED_AVAILABILITY = YES_AGGRESSIVE;
				CLANG_WARN_UNREACHABLE_CODE = YES;
				CLANG_WARN__DUPLICATE_METHOD_MATCH = YES;
				COPY_PHASE_STRIP = NO;
				CURRENT_PROJECT_VERSION = 1;
				DEBUG_INFORMATION_FORMAT = dwarf;
				ENABLE_STRICT_OBJC_MSGSEND = YES;
				ENABLE_TESTABILITY = YES;
				GCC_C_LANGUAGE_STANDARD = gnu11;
				GCC_DYNAMIC_NO_PIC = NO;
				GCC_NO_COMMON_BLOCKS = YES;
				GCC_OPTIMIZATION_LEVEL = 0;
				GCC_PREPROCESSOR_DEFINITIONS = (
					"DEBUG=1",
					"$(inherited)",
				);
				GCC_WARN_64_TO_32_BIT_CONVERSION = YES;
				GCC_WARN_ABOUT_RETURN_TYPE = YES_ERROR;
				GCC_WARN_UNDECLARED_SELECTOR = YES;
				GCC_WARN_UNINITIALIZED_AUTOS = YES_AGGRESSIVE;
				GCC_WARN_UNUSED_FUNCTION = YES;
				GCC_WARN_UNUSED_VARIABLE = YES;
				IPHONEOS_DEPLOYMENT_TARGET = 15.0;
				MTL_ENABLE_DEBUG_INFO = INCLUDE_SOURCE;
				MTL_FAST_MATH = YES;
				ONLY_ACTIVE_ARCH = YES;
				SDKROOT = iphoneos;
				SWIFT_ACTIVE_COMPILATION_CONDITIONS = DEBUG;
				SWIFT_OPTIMIZATION_LEVEL = "-Onone";
				VERSIONING_SYSTEM = "apple-generic";
				VERSION_INFO_PREFIX = "";
			};
			name = Debug;
		};
		092BC2AF279CAE0200E240BA /* Release */ = {
			isa = XCBuildConfiguration;
			buildSettings = {
				ALWAYS_SEARCH_USER_PATHS = NO;
				BUILD_LIBRARY_FOR_DISTRIBUTION = YES;
				CLANG_ANALYZER_NONNULL = YES;
				CLANG_ANALYZER_NUMBER_OBJECT_CONVERSION = YES_AGGRESSIVE;
				CLANG_CXX_LANGUAGE_STANDARD = "gnu++17";
				CLANG_CXX_LIBRARY = "libc++";
				CLANG_ENABLE_MODULES = YES;
				CLANG_ENABLE_OBJC_ARC = YES;
				CLANG_ENABLE_OBJC_WEAK = YES;
				CLANG_WARN_BLOCK_CAPTURE_AUTORELEASING = YES;
				CLANG_WARN_BOOL_CONVERSION = YES;
				CLANG_WARN_COMMA = YES;
				CLANG_WARN_CONSTANT_CONVERSION = YES;
				CLANG_WARN_DEPRECATED_OBJC_IMPLEMENTATIONS = YES;
				CLANG_WARN_DIRECT_OBJC_ISA_USAGE = YES_ERROR;
				CLANG_WARN_DOCUMENTATION_COMMENTS = YES;
				CLANG_WARN_EMPTY_BODY = YES;
				CLANG_WARN_ENUM_CONVERSION = YES;
				CLANG_WARN_INFINITE_RECURSION = YES;
				CLANG_WARN_INT_CONVERSION = YES;
				CLANG_WARN_NON_LITERAL_NULL_CONVERSION = YES;
				CLANG_WARN_OBJC_IMPLICIT_RETAIN_SELF = YES;
				CLANG_WARN_OBJC_LITERAL_CONVERSION = YES;
				CLANG_WARN_OBJC_ROOT_CLASS = YES_ERROR;
				CLANG_WARN_QUOTED_INCLUDE_IN_FRAMEWORK_HEADER = YES;
				CLANG_WARN_RANGE_LOOP_ANALYSIS = YES;
				CLANG_WARN_STRICT_PROTOTYPES = YES;
				CLANG_WARN_SUSPICIOUS_MOVE = YES;
				CLANG_WARN_UNGUARDED_AVAILABILITY = YES_AGGRESSIVE;
				CLANG_WARN_UNREACHABLE_CODE = YES;
				CLANG_WARN__DUPLICATE_METHOD_MATCH = YES;
				COPY_PHASE_STRIP = NO;
				CURRENT_PROJECT_VERSION = 1;
				DEBUG_INFORMATION_FORMAT = "dwarf-with-dsym";
				ENABLE_NS_ASSERTIONS = NO;
				ENABLE_STRICT_OBJC_MSGSEND = YES;
				GCC_C_LANGUAGE_STANDARD = gnu11;
				GCC_NO_COMMON_BLOCKS = YES;
				GCC_WARN_64_TO_32_BIT_CONVERSION = YES;
				GCC_WARN_ABOUT_RETURN_TYPE = YES_ERROR;
				GCC_WARN_UNDECLARED_SELECTOR = YES;
				GCC_WARN_UNINITIALIZED_AUTOS = YES_AGGRESSIVE;
				GCC_WARN_UNUSED_FUNCTION = YES;
				GCC_WARN_UNUSED_VARIABLE = YES;
				IPHONEOS_DEPLOYMENT_TARGET = 15.0;
				MTL_ENABLE_DEBUG_INFO = NO;
				MTL_FAST_MATH = YES;
				SDKROOT = iphoneos;
				SWIFT_COMPILATION_MODE = wholemodule;
				SWIFT_OPTIMIZATION_LEVEL = "-O";
				VALIDATE_PRODUCT = YES;
				VERSIONING_SYSTEM = "apple-generic";
				VERSION_INFO_PREFIX = "";
			};
			name = Release;
		};
		092BC2B1279CAE0200E240BA /* Debug */ = {
			isa = XCBuildConfiguration;
			baseConfigurationReference = 83FA1D130D618F2A55B2E4F1 /* Pods-ImageUploader-iOS.debug.xcconfig */;
			buildSettings = {
				BUILD_LIBRARY_FOR_DISTRIBUTION = YES;
				CLANG_ENABLE_MODULES = YES;
				CODE_SIGN_STYLE = Automatic;
				CURRENT_PROJECT_VERSION = 1;
				DEFINES_MODULE = YES;
				DEVELOPMENT_TEAM = 82FC3C5895;
				DYLIB_COMPATIBILITY_VERSION = 1;
				DYLIB_CURRENT_VERSION = 1;
				DYLIB_INSTALL_NAME_BASE = "@rpath";
				GENERATE_INFOPLIST_FILE = YES;
				INFOPLIST_KEY_NSHumanReadableCopyright = "";
				INSTALL_PATH = "$(LOCAL_LIBRARY_DIR)/Frameworks";
				IPHONEOS_DEPLOYMENT_TARGET = 12.0;
				LD_RUNPATH_SEARCH_PATHS = (
					"$(inherited)",
					"@executable_path/Frameworks",
					"@loader_path/Frameworks",
				);
				MARKETING_VERSION = 1.0;
				PRODUCT_BUNDLE_IDENTIFIER = "com.qucoon.imageuploader.ImageUploader-iOS";
				PRODUCT_NAME = "$(TARGET_NAME:c99extidentifier)";
				SKIP_INSTALL = YES;
				SUPPORTS_MACCATALYST = NO;
				SWIFT_EMIT_LOC_STRINGS = YES;
				SWIFT_OPTIMIZATION_LEVEL = "-Onone";
				SWIFT_VERSION = 5.0;
				TARGETED_DEVICE_FAMILY = "1,2";
			};
			name = Debug;
		};
		092BC2B2279CAE0200E240BA /* Release */ = {
			isa = XCBuildConfiguration;
			baseConfigurationReference = 7BFAB4E436435371C9AEA770 /* Pods-ImageUploader-iOS.release.xcconfig */;
			buildSettings = {
				BUILD_LIBRARY_FOR_DISTRIBUTION = YES;
				CLANG_ENABLE_MODULES = YES;
				CODE_SIGN_STYLE = Automatic;
				CURRENT_PROJECT_VERSION = 1;
				DEFINES_MODULE = YES;
				DEVELOPMENT_TEAM = 82FC3C5895;
				DYLIB_COMPATIBILITY_VERSION = 1;
				DYLIB_CURRENT_VERSION = 1;
				DYLIB_INSTALL_NAME_BASE = "@rpath";
				GENERATE_INFOPLIST_FILE = YES;
				INFOPLIST_KEY_NSHumanReadableCopyright = "";
				INSTALL_PATH = "$(LOCAL_LIBRARY_DIR)/Frameworks";
				IPHONEOS_DEPLOYMENT_TARGET = 12.0;
				LD_RUNPATH_SEARCH_PATHS = (
					"$(inherited)",
					"@executable_path/Frameworks",
					"@loader_path/Frameworks",
				);
				MARKETING_VERSION = 1.0;
				PRODUCT_BUNDLE_IDENTIFIER = "com.qucoon.imageuploader.ImageUploader-iOS";
				PRODUCT_NAME = "$(TARGET_NAME:c99extidentifier)";
				SKIP_INSTALL = YES;
				SUPPORTS_MACCATALYST = NO;
				SWIFT_EMIT_LOC_STRINGS = YES;
				SWIFT_VERSION = 5.0;
				TARGETED_DEVICE_FAMILY = "1,2";
			};
			name = Release;
		};
		092BC2C9279CAEB900E240BA /* Debug */ = {
			isa = XCBuildConfiguration;
			baseConfigurationReference = C91CFC091BE1932A4C2302A7 /* Pods-ImageUploaderExample.debug.xcconfig */;
			buildSettings = {
				ASSETCATALOG_COMPILER_APPICON_NAME = AppIcon;
				ASSETCATALOG_COMPILER_GLOBAL_ACCENT_COLOR_NAME = AccentColor;
				CODE_SIGN_STYLE = Automatic;
				CURRENT_PROJECT_VERSION = 1;
				DEVELOPMENT_TEAM = 82FC3C5895;
				GENERATE_INFOPLIST_FILE = YES;
				INFOPLIST_FILE = ImageUploaderExample/Info.plist;
				INFOPLIST_KEY_UIApplicationSupportsIndirectInputEvents = YES;
				INFOPLIST_KEY_UILaunchStoryboardName = LaunchScreen;
				INFOPLIST_KEY_UIMainStoryboardFile = Main;
				INFOPLIST_KEY_UISupportedInterfaceOrientations_iPad = "UIInterfaceOrientationPortrait UIInterfaceOrientationPortraitUpsideDown UIInterfaceOrientationLandscapeLeft UIInterfaceOrientationLandscapeRight";
				INFOPLIST_KEY_UISupportedInterfaceOrientations_iPhone = "UIInterfaceOrientationPortrait UIInterfaceOrientationLandscapeLeft UIInterfaceOrientationLandscapeRight";
				IPHONEOS_DEPLOYMENT_TARGET = 12.0;
				LD_RUNPATH_SEARCH_PATHS = (
					"$(inherited)",
					"@executable_path/Frameworks",
				);
				MARKETING_VERSION = 1.0;
				PRODUCT_BUNDLE_IDENTIFIER = com.qucoon.imageuploader.ImageUploaderExample;
				PRODUCT_NAME = "$(TARGET_NAME)";
				SWIFT_EMIT_LOC_STRINGS = YES;
				SWIFT_VERSION = 5.0;
				TARGETED_DEVICE_FAMILY = "1,2";
			};
			name = Debug;
		};
		092BC2CA279CAEB900E240BA /* Release */ = {
			isa = XCBuildConfiguration;
			baseConfigurationReference = 0551115FA25870E07FFA5F24 /* Pods-ImageUploaderExample.release.xcconfig */;
			buildSettings = {
				ASSETCATALOG_COMPILER_APPICON_NAME = AppIcon;
				ASSETCATALOG_COMPILER_GLOBAL_ACCENT_COLOR_NAME = AccentColor;
				CODE_SIGN_STYLE = Automatic;
				CURRENT_PROJECT_VERSION = 1;
				DEVELOPMENT_TEAM = 82FC3C5895;
				GENERATE_INFOPLIST_FILE = YES;
				INFOPLIST_FILE = ImageUploaderExample/Info.plist;
				INFOPLIST_KEY_UIApplicationSupportsIndirectInputEvents = YES;
				INFOPLIST_KEY_UILaunchStoryboardName = LaunchScreen;
				INFOPLIST_KEY_UIMainStoryboardFile = Main;
				INFOPLIST_KEY_UISupportedInterfaceOrientations_iPad = "UIInterfaceOrientationPortrait UIInterfaceOrientationPortraitUpsideDown UIInterfaceOrientationLandscapeLeft UIInterfaceOrientationLandscapeRight";
				INFOPLIST_KEY_UISupportedInterfaceOrientations_iPhone = "UIInterfaceOrientationPortrait UIInterfaceOrientationLandscapeLeft UIInterfaceOrientationLandscapeRight";
				IPHONEOS_DEPLOYMENT_TARGET = 12.0;
				LD_RUNPATH_SEARCH_PATHS = (
					"$(inherited)",
					"@executable_path/Frameworks",
				);
				MARKETING_VERSION = 1.0;
				PRODUCT_BUNDLE_IDENTIFIER = com.qucoon.imageuploader.ImageUploaderExample;
				PRODUCT_NAME = "$(TARGET_NAME)";
				SWIFT_EMIT_LOC_STRINGS = YES;
				SWIFT_VERSION = 5.0;
				TARGETED_DEVICE_FAMILY = "1,2";
			};
			name = Release;
		};
/* End XCBuildConfiguration section */

/* Begin XCConfigurationList section */
		092BC2A3279CAE0200E240BA /* Build configuration list for PBXProject "ImageUploader-iOS" */ = {
			isa = XCConfigurationList;
			buildConfigurations = (
				092BC2AE279CAE0200E240BA /* Debug */,
				092BC2AF279CAE0200E240BA /* Release */,
			);
			defaultConfigurationIsVisible = 0;
			defaultConfigurationName = Release;
		};
		092BC2B0279CAE0200E240BA /* Build configuration list for PBXNativeTarget "ImageUploader-iOS" */ = {
			isa = XCConfigurationList;
			buildConfigurations = (
				092BC2B1279CAE0200E240BA /* Debug */,
				092BC2B2279CAE0200E240BA /* Release */,
			);
			defaultConfigurationIsVisible = 0;
			defaultConfigurationName = Release;
		};
		092BC2C8279CAEB900E240BA /* Build configuration list for PBXNativeTarget "ImageUploaderExample" */ = {
			isa = XCConfigurationList;
			buildConfigurations = (
				092BC2C9279CAEB900E240BA /* Debug */,
				092BC2CA279CAEB900E240BA /* Release */,
			);
			defaultConfigurationIsVisible = 0;
			defaultConfigurationName = Release;
		};
/* End XCConfigurationList section */
	};
	rootObject = 092BC2A0279CAE0200E240BA /* Project object */;
}
